// !$*UTF8*$!
{
	archiveVersion = 1;
	classes = {
	};
	objectVersion = 46;
	objects = {

/* Begin PBXBuildFile section */
		929329361C5B545C009DC34C /* main.m in Sources */ = {isa = PBXBuildFile; fileRef = 929329351C5B545C009DC34C /* main.m */; };
		9293293E1C5B698B009DC34C /* NSString+Regex.m in Sources */ = {isa = PBXBuildFile; fileRef = 9293293D1C5B698B009DC34C /* NSString+Regex.m */; };
		929329401C5B740B009DC34C /* Foundation+Log.m in Sources */ = {isa = PBXBuildFile; fileRef = 9293293F1C5B740B009DC34C /* Foundation+Log.m */; };
/* End PBXBuildFile section */

/* Begin PBXCopyFilesBuildPhase section */
		929329301C5B545C009DC34C /* CopyFiles */ = {
			isa = PBXCopyFilesBuildPhase;
			buildActionMask = 2147483647;
			dstPath = /usr/share/man/man1/;
			dstSubfolderSpec = 0;
			files = (
			);
			runOnlyForDeploymentPostprocessing = 1;
		};
/* End PBXCopyFilesBuildPhase section */

/* Begin PBXFileReference section */
		929329321C5B545C009DC34C /* GLRegex */ = {isa = PBXFileReference; explicitFileType = "compiled.mach-o.executable"; includeInIndex = 0; path = GLRegex; sourceTree = BUILT_PRODUCTS_DIR; };
		929329351C5B545C009DC34C /* main.m */ = {isa = PBXFileReference; lastKnownFileType = sourcecode.c.objc; path = main.m; sourceTree = "<group>"; };
		9293293C1C5B698B009DC34C /* NSString+Regex.h */ = {isa = PBXFileReference; fileEncoding = 4; lastKnownFileType = sourcecode.c.h; path = "NSString+Regex.h"; sourceTree = "<group>"; };
		9293293D1C5B698B009DC34C /* NSString+Regex.m */ = {isa = PBXFileReference; fileEncoding = 4; lastKnownFileType = sourcecode.c.objc; path = "NSString+Regex.m"; sourceTree = "<group>"; };
		9293293F1C5B740B009DC34C /* Foundation+Log.m */ = {isa = PBXFileReference; fileEncoding = 4; lastKnownFileType = sourcecode.c.objc; path = "Foundation+Log.m"; sourceTree = "<group>"; };
/* End PBXFileReference section */

/* Begin PBXFrameworksBuildPhase section */
		9293292F1C5B545C009DC34C /* Frameworks */ = {
			isa = PBXFrameworksBuildPhase;
			buildActionMask = 2147483647;
			files = (
			);
			runOnlyForDeploymentPostprocessing = 0;
		};
/* End PBXFrameworksBuildPhase section */

/* Begin PBXGroup section */
		929329291C5B545C009DC34C = {
			isa = PBXGroup;
			children = (
				929329341C5B545C009DC34C /* GLRegex */,
				929329331C5B545C009DC34C /* Products */,
			);
			sourceTree = "<group>";
		};
		929329331C5B545C009DC34C /* Products */ = {
			isa = PBXGroup;
			children = (
				929329321C5B545C009DC34C /* GLRegex */,
			);
			name = Products;
			sourceTree = "<group>";
		};
		929329341C5B545C009DC34C /* GLRegex */ = {
			isa = PBXGroup;
			children = (
				9293293F1C5B740B009DC34C /* Foundation+Log.m */,
				929329351C5B545C009DC34C /* main.m */,
				9293293C1C5B698B009DC34C /* NSString+Regex.h */,
				9293293D1C5B698B009DC34C /* NSString+Regex.m */,
			);
			path = GLRegex;
			sourceTree = "<group>";
		};
/* End PBXGroup section */

/* Begin PBXNativeTarget section */
		929329311C5B545C009DC34C /* GLRegex */ = {
			isa = PBXNativeTarget;
			buildConfigurationList = 929329391C5B545C009DC34C /* Build configuration list for PBXNativeTarget "GLRegex" */;
			buildPhases = (
				9293292E1C5B545C009DC34C /* Sources */,
				9293292F1C5B545C009DC34C /* Frameworks */,
				929329301C5B545C009DC34C /* CopyFiles */,
			);
			buildRules = (
			);
			dependencies = (
			);
			name = GLRegex;
			productName = GLRegex;
			productReference = 929329321C5B545C009DC34C /* GLRegex */;
			productType = "com.apple.product-type.tool";
		};
/* End PBXNativeTarget section */

/* Begin PBXProject section */
		9293292A1C5B545C009DC34C /* Project object */ = {
			isa = PBXProject;
			attributes = {
				LastUpgradeCheck = 0720;
				ORGANIZATIONNAME = roseonly;
				TargetAttributes = {
					929329311C5B545C009DC34C = {
						CreatedOnToolsVersion = 7.2;
					};
				};
			};
			buildConfigurationList = 9293292D1C5B545C009DC34C /* Build configuration list for PBXProject "GLRegex" */;
			compatibilityVersion = "Xcode 3.2";
			developmentRegion = English;
			hasScannedForEncodings = 0;
			knownRegions = (
				en,
			);
			mainGroup = 929329291C5B545C009DC34C;
			productRefGroup = 929329331C5B545C009DC34C /* Products */;
			projectDirPath = "";
			projectRoot = "";
			targets = (
				929329311C5B545C009DC34C /* GLRegex */,
			);
		};
/* End PBXProject section */

/* Begin PBXSourcesBuildPhase section */
		9293292E1C5B545C009DC34C /* Sources */ = {
			isa = PBXSourcesBuildPhase;
			buildActionMask = 2147483647;
			files = (
				929329361C5B545C009DC34C /* main.m in Sources */,
				9293293E1C5B698B009DC34C /* NSString+Regex.m in Sources */,
				929329401C5B740B009DC34C /* Foundation+Log.m in Sources */,
			);
			runOnlyForDeploymentPostprocessing = 0;
		};
/* End PBXSourcesBuildPhase section */

/* Begin XCBuildConfiguration section */
		929329371C5B545C009DC34C /* Debug */ = {
			isa = XCBuildConfiguration;
			buildSettings = {
				ALWAYS_SEARCH_USER_PATHS = NO;
				CLANG_CXX_LANGUAGE_STANDARD = "gnu++0x";
				CLANG_CXX_LIBRARY = "libc++";
				CLANG_ENABLE_MODULES = YES;
				CLANG_ENABLE_OBJC_ARC = YES;
				CLANG_WARN_BOOL_CONVERSION = YES;
				CLANG_WARN_CONSTANT_CONVERSION = YES;
				CLANG_WARN_DIRECT_OBJC_ISA_USAGE = YES_ERROR;
				CLANG_WARN_EMPTY_BODY = YES;
				CLANG_WARN_ENUM_CONVERSION = YES;
				CLANG_WARN_INT_CONVERSION = YES;
				CLANG_WARN_OBJC_ROOT_CLASS = YES_ERROR;
				CLANG_WARN_UNREACHABLE_CODE = YES;
				CLANG_WARN__DUPLICATE_METHOD_MATCH = YES;
				CODE_SIGN_IDENTITY = "-";
				COPY_PHASE_STRIP = NO;
				DEBUG_INFORMATION_FORMAT = dwarf;
				ENABLE_STRICT_OBJC_MSGSEND = YES;
				ENABLE_TESTABILITY = YES;
				GCC_C_LANGUAGE_STANDARD = gnu99;
				GCC_DYNAMIC_NO_PIC = NO;
				GCC_NO_COMMON_BLOCKS = YES;
				GCC_OPTIMIZATION_LEVEL = 0;
				GCC_PREPROCESSOR_DEFINITIONS = (
					"DEBUG=1",
					"$(inherited)",
				);
				GCC_WARN_64_TO_32_BIT_CONVERSION = YES;
				GCC_WARN_ABOUT_RETURN_TYPE = YES_ERROR;
				GCC_WARN_UNDECLARED_SELECTOR = YES;
				GCC_WARN_UNINITIALIZED_AUTOS = YES_AGGRESSIVE;
				GCC_WARN_UNUSED_FUNCTION = YES;
				GCC_WARN_UNUSED_VARIABLE = YES;
				MACOSX_DEPLOYMENT_TARGET = 10.10;
				MTL_ENABLE_DEBUG_INFO = YES;
				ONLY_ACTIVE_ARCH = YES;
				SDKROOT = macosx;
			};
			name = Debug;
		};
		929329381C5B545C009DC34C /* Release */ = {
			isa = XCBuildConfiguration;
			buildSettings = {
				ALWAYS_SEARCH_USER_PATHS = NO;
				CLANG_CXX_LANGUAGE_STANDARD = "gnu++0x";
				CLANG_CXX_LIBRARY = "libc++";
				CLANG_ENABLE_MODULES = YES;
				CLANG_ENABLE_OBJC_ARC = YES;
				CLANG_WARN_BOOL_CONVERSION = YES;
				CLANG_WARN_CONSTANT_CONVERSION = YES;
				CLANG_WARN_DIRECT_OBJC_ISA_USAGE = YES_ERROR;
				CLANG_WARN_EMPTY_BODY = YES;
				CLANG_WARN_ENUM_CONVERSION = YES;
				CLANG_WARN_INT_CONVERSION = YES;
				CLANG_WARN_OBJC_ROOT_CLASS = YES_ERROR;
				CLANG_WARN_UNREACHABLE_CODE = YES;
				CLANG_WARN__DUPLICATE_METHOD_MATCH = YES;
				CODE_SIGN_IDENTITY = "-";
				COPY_PHASE_STRIP = NO;
				DEBUG_INFORMATION_FORMAT = "dwarf-with-dsym";
				ENABLE_NS_ASSERTIONS = NO;
				ENABLE_STRICT_OBJC_MSGSEND = YES;
				GCC_C_LANGUAGE_STANDARD = gnu99;
				GCC_NO_COMMON_BLOCKS = YES;
				GCC_WARN_64_TO_32_BIT_CONVERSION = YES;
				GCC_WARN_ABOUT_RETURN_TYPE = YES_ERROR;
				GCC_WARN_UNDECLARED_SELECTOR = YES;
				GCC_WARN_UNINITIALIZED_AUTOS = YES_AGGRESSIVE;
				GCC_WARN_UNUSED_FUNCTION = YES;
				GCC_WARN_UNUSED_VARIABLE = YES;
				MACOSX_DEPLOYMENT_TARGET = 10.10;
				MTL_ENABLE_DEBUG_INFO = NO;
				SDKROOT = macosx;
			};
			name = Release;
		};
		9293293A1C5B545C009DC34C /* Debug */ = {
			isa = XCBuildConfiguration;
			buildSettings = {
				PRODUCT_NAME = "$(TARGET_NAME)";
			};
			name = Debug;
		};
		9293293B1C5B545C009DC34C /* Release */ = {
			isa = XCBuildConfiguration;
			buildSettings = {
				PRODUCT_NAME = "$(TARGET_NAME)";
			};
			name = Release;
		};
/* End XCBuildConfiguration section */

/* Begin XCConfigurationList section */
		9293292D1C5B545C009DC34C /* Build configuration list for PBXProject "GLRegex" */ = {
			isa = XCConfigurationList;
			buildConfigurations = (
				929329371C5B545C009DC34C /* Debug */,
				929329381C5B545C009DC34C /* Release */,
			);
			defaultConfigurationIsVisible = 0;
			defaultConfigurationName = Release;
		};
		929329391C5B545C009DC34C /* Build configuration list for PBXNativeTarget "GLRegex" */ = {
			isa = XCConfigurationList;
			buildConfigurations = (
				9293293A1C5B545C009DC34C /* Debug */,
				9293293B1C5B545C009DC34C /* Release */,
			);
			defaultConfigurationIsVisible = 0;
		};
/* End XCConfigurationList section */
	};
	rootObject = 9293292A1C5B545C009DC34C /* Project object */;
}
